
Microsoft Visual Studio Solution File, Format Version 12.00
# Visual Studio Version 16
VisualStudioVersion = 16.0.29613.14
MinimumVisualStudioVersion = 10.0.40219.1
Project("{8BC9CEB8-8B4A-11D0-8D11-00A0C91BC942}") = "lab9", "lab9\lab9.vcxproj", "{0E935856-20F5-43FC-8B05-3B56A28927EE}"
EndProject
Global
	GlobalSection(SolutionConfigurationPlatforms) = preSolution
		Debug|x64 = Debug|x64
		Debug|x86 = Debug|x86
		Release|x64 = Release|x64
		Release|x86 = Release|x86
	EndGlobalSection
	GlobalSection(ProjectConfigurationPlatforms) = postSolution
		{0E935856-20F5-43FC-8B05-3B56A28927EE}.Debug|x64.ActiveCfg = Debug|x64
		{0E935856-20F5-43FC-8B05-3B56A28927EE}.Debug|x64.Build.0 = Debug|x64
		{0E935856-20F5-43FC-8B05-3B56A28927EE}.Debug|x86.ActiveCfg = Debug|Win32
		{0E935856-20F5-43FC-8B05-3B56A28927EE}.Debug|x86.Build.0 = Debug|Win32
		{0E935856-20F5-43FC-8B05-3B56A28927EE}.Release|x64.ActiveCfg = Release|x64
		{0E935856-20F5-43FC-8B05-3B56A28927EE}.Release|x64.Build.0 = Release|x64
		{0E935856-20F5-43FC-8B05-3B56A28927EE}.Release|x86.ActiveCfg = Release|Win32
		{0E935856-20F5-43FC-8B05-3B56A28927EE}.Release|x86.Build.0 = Release|Win32
	EndGlobalSection
	GlobalSection(SolutionProperties) = preSolution
		HideSolutionNode = FALSE
	EndGlobalSection
	GlobalSection(ExtensibilityGlobals) = postSolution
		SolutionGuid = {0B2684EC-DD04-45BF-9F59-6B9E07CA0BE8}
	EndGlobalSection
EndGlobal
