
Microsoft Visual Studio Solution File, Format Version 9.00
# Visual Studio 2005
Project("{8BC9CEB8-8B4A-11D0-8D11-00A0C91BC942}") = "LabRab3", "LabRab3\LabRab3.vcproj", "{36FE8C69-792F-4682-9A24-9FD07720D743}"
EndProject
Global
	GlobalSection(SolutionConfigurationPlatforms) = preSolution
		Debug|Win32 = Debug|Win32
		Release|Win32 = Release|Win32
	EndGlobalSection
	GlobalSection(ProjectConfigurationPlatforms) = postSolution
		{36FE8C69-792F-4682-9A24-9FD07720D743}.Debug|Win32.ActiveCfg = Debug|Win32
		{36FE8C69-792F-4682-9A24-9FD07720D743}.Debug|Win32.Build.0 = Debug|Win32
		{36FE8C69-792F-4682-9A24-9FD07720D743}.Release|Win32.ActiveCfg = Release|Win32
		{36FE8C69-792F-4682-9A24-9FD07720D743}.Release|Win32.Build.0 = Release|Win32
	EndGlobalSection
	GlobalSection(SolutionProperties) = preSolution
		HideSolutionNode = FALSE
	EndGlobalSection
EndGlobal
